
Microsoft Visual Studio Solution File, Format Version 12.00
# Visual Studio Version 16
VisualStudioVersion = 16.0.31005.135
MinimumVisualStudioVersion = 10.0.40219.1
Project("{2150E333-8FDC-42A3-9474-1A3956D46DE8}") = "Web", "Web", "{0ADE17C5-3E78-4A44-89A3-A680985E05A6}"
EndProject
Project("{FAE04EC0-301F-11D3-BF4B-00C04F79EFBC}") = "TheBiscuitMachine.Web", "Web\TheBiscuitMachine.Web\TheBiscuitMachine.Web.csproj", "{60DEAD03-DD87-4C9C-B852-4B721506A2FD}"
EndProject
Project("{2150E333-8FDC-42A3-9474-1A3956D46DE8}") = "Solution Items", "Solution Items", "{FCA0BC26-300C-45DB-B382-499C960043E1}"
	ProjectSection(SolutionItems) = preProject
		Directory.Build.props = Directory.Build.props
		Main.ruleset = Main.ruleset
		stylecop.json = stylecop.json
	EndProjectSection
EndProject
Global
	GlobalSection(SolutionConfigurationPlatforms) = preSolution
		Debug|Any CPU = Debug|Any CPU
		Release|Any CPU = Release|Any CPU
	EndGlobalSection
	GlobalSection(ProjectConfigurationPlatforms) = postSolution
		{60DEAD03-DD87-4C9C-B852-4B721506A2FD}.Debug|Any CPU.ActiveCfg = Debug|Any CPU
		{60DEAD03-DD87-4C9C-B852-4B721506A2FD}.Debug|Any CPU.Build.0 = Debug|Any CPU
		{60DEAD03-DD87-4C9C-B852-4B721506A2FD}.Release|Any CPU.ActiveCfg = Release|Any CPU
		{60DEAD03-DD87-4C9C-B852-4B721506A2FD}.Release|Any CPU.Build.0 = Release|Any CPU
	EndGlobalSection
	GlobalSection(SolutionProperties) = preSolution
		HideSolutionNode = FALSE
	EndGlobalSection
	GlobalSection(NestedProjects) = preSolution
		{60DEAD03-DD87-4C9C-B852-4B721506A2FD} = {0ADE17C5-3E78-4A44-89A3-A680985E05A6}
	EndGlobalSection
	GlobalSection(ExtensibilityGlobals) = postSolution
		SolutionGuid = {9855A83E-FCA3-4402-BBF7-C76A6376C0AC}
	EndGlobalSection
EndGlobal
